{
  "object": {
    "pins": [
      {
        "package": "Alamofire",
        "repositoryURL": "https://github.com/Alamofire/Alamofire.git",
        "state": {
          "branch": null,
          "revision": "d120af1e8638c7da36c8481fd61a66c0c08dc4fc",
          "version": "5.4.4"
        }
      },
      {
        "package": "Offenbach",
        "repositoryURL": "https://github.com/MoveUpwards/Offenbach.git",
        "state": {
          "branch": null,
          "revision": "d7992ae1d025ce7a2183019fca6908e03f3809e0",
          "version": "2.4.5"
        }
      }
    ]
  },
  "version": 1
}
