PODS:
  - Alamofire (5.4.2)
  - Offenbach (2.2.4):
    - Alamofire
  - RxSwift (6.1.0)

DEPENDENCIES:
  - Offenbach (from `~/Development/moveUpwards/Offenbach`)
  - RxSwift

SPEC REPOS:
  https://github.com/CocoaPods/Specs.git:
    - Alamofire
    - RxSwift

EXTERNAL SOURCES:
  Offenbach:
    :path: "~/Development/moveUpwards/Offenbach"

SPEC CHECKSUMS:
  Alamofire: bfbc4c2fe5909b1d94fb4ef2277c6b3727ef5dae
  Offenbach: bda97ac2493a7c76f30c1b6d746ec7bc3138b9f4
  RxSwift: a834e5c538e89eca0cae86f403f4fbf0336786ce

PODFILE CHECKSUM: 3e24c5e358cea0305e3fda8c85e5a036136ab446

COCOAPODS: 1.10.1
