PODS:
  - Alamofire (5.2.1)
  - Offenbach (2.1.1):
    - Alamofire

DEPENDENCIES:
  - Offenbach

SPEC REPOS:
  https://github.com/CocoaPods/Specs.git:
    - Alamofire
    - Offenbach

SPEC CHECKSUMS:
  Alamofire: e911732990610fe89af59ac0077f923d72dc3dfd
  Offenbach: f19263f8b81d92ac1c7a91b43e6eda39d6fe5c31

PODFILE CHECKSUM: 5adaf0d03dfaba57329d0042fb0c0407fd82e057

COCOAPODS: 1.9.2
